<?xml version="1.0" encoding="UTF-8" standalone="yes" ?>
<CodeBlocks_project_file>
	<FileVersion major="1" minor="6" />
	<Project>
		<Option title="TpConcurrente" />
		<Option pch_mode="2" />
		<Option compiler="gcc" />
		<Build>
			<Target title="Debug">
				<Option output="bin/Debug/TpConcurrente" prefix_auto="1" extension_auto="1" />
				<Option object_output="obj/Debug/" />
				<Option type="1" />
				<Option compiler="gcc" />
				<Compiler>
					<Add option="-g" />
				</Compiler>
			</Target>
			<Target title="Release">
				<Option output="bin/Release/TpConcurrente" prefix_auto="1" extension_auto="1" />
				<Option object_output="obj/Release/" />
				<Option type="1" />
				<Option compiler="gcc" />
				<Compiler>
					<Add option="-O2" />
				</Compiler>
				<Linker>
					<Add option="-s" />
				</Linker>
			</Target>
		</Build>
		<Compiler>
			<Add option="-Wall" />
			<Add option="-fexceptions" />
		</Compiler>
		<Unit filename="Consumidor.cpp" />
		<Unit filename="Consumidor.h" />
		<Unit filename="Consumidores.cbp" />
		<Unit filename="Consumidores.depend" />
		<Unit filename="Consumidores.layout" />
		<Unit filename="Paquete.h" />
		<Unit filename="Productor.cpp" />
		<Unit filename="Productor.h" />
		<Unit filename="Pruebas.cpp" />
		<Unit filename="Pruebas.h" />
		<Unit filename="Semaforo.cpp" />
		<Unit filename="Semaforo.h" />
		<Unit filename="SistemaLogistico.cpp" />
		<Unit filename="SistemaLogistico.h" />
		<Unit filename="TpConcurrente.cbp" />
		<Unit filename="main.cpp" />
		<Extensions>
			<lib_finder disable_auto="1" />
		</Extensions>
	</Project>
</CodeBlocks_project_file>
